
Microsoft Visual Studio Solution File, Format Version 12.00
# Visual Studio Version 17
VisualStudioVersion = 17.6.33815.320
MinimumVisualStudioVersion = 10.0.40219.1
Project("{9A19103F-16F7-4668-BE54-9A1E7A4F7556}") = "MinimalApi", "MinimalApi.csproj", "{6ED36D7B-44CF-4768-830D-EE75FFB2A455}"
EndProject
Global
	GlobalSection(SolutionConfigurationPlatforms) = preSolution
		Debug|Any CPU = Debug|Any CPU
		Release|Any CPU = Release|Any CPU
	EndGlobalSection
	GlobalSection(ProjectConfigurationPlatforms) = postSolution
		{6ED36D7B-44CF-4768-830D-EE75FFB2A455}.Debug|Any CPU.ActiveCfg = Debug|Any CPU
		{6ED36D7B-44CF-4768-830D-EE75FFB2A455}.Debug|Any CPU.Build.0 = Debug|Any CPU
		{6ED36D7B-44CF-4768-830D-EE75FFB2A455}.Release|Any CPU.ActiveCfg = Release|Any CPU
		{6ED36D7B-44CF-4768-830D-EE75FFB2A455}.Release|Any CPU.Build.0 = Release|Any CPU
	EndGlobalSection
	GlobalSection(SolutionProperties) = preSolution
		HideSolutionNode = FALSE
	EndGlobalSection
	GlobalSection(ExtensibilityGlobals) = postSolution
		SolutionGuid = {EC37EF43-8A3C-41E7-8C7C-B2F3D67B1D69}
	EndGlobalSection
EndGlobal
